
Microsoft Visual Studio Solution File, Format Version 12.00
# Visual Studio Version 16
VisualStudioVersion = 16.0.31729.503
MinimumVisualStudioVersion = 10.0.40219.1
Project("{FAE04EC0-301F-11D3-BF4B-00C04F79EFBC}") = "RemoteJoystick-Online ASP.Net", "RemoteJoystick-Online ASP.Net.csproj", "{322E6040-C1FC-44E0-98AD-A4B5EFFD2723}"
EndProject
Global
	GlobalSection(SolutionConfigurationPlatforms) = preSolution
		Debug|Any CPU = Debug|Any CPU
		Release|Any CPU = Release|Any CPU
	EndGlobalSection
	GlobalSection(ProjectConfigurationPlatforms) = postSolution
		{322E6040-C1FC-44E0-98AD-A4B5EFFD2723}.Debug|Any CPU.ActiveCfg = Debug|Any CPU
		{322E6040-C1FC-44E0-98AD-A4B5EFFD2723}.Debug|Any CPU.Build.0 = Debug|Any CPU
		{322E6040-C1FC-44E0-98AD-A4B5EFFD2723}.Release|Any CPU.ActiveCfg = Release|Any CPU
		{322E6040-C1FC-44E0-98AD-A4B5EFFD2723}.Release|Any CPU.Build.0 = Release|Any CPU
	EndGlobalSection
	GlobalSection(SolutionProperties) = preSolution
		HideSolutionNode = FALSE
	EndGlobalSection
	GlobalSection(ExtensibilityGlobals) = postSolution
		SolutionGuid = {3999428E-930C-4826-9331-CCF20EC5DF97}
	EndGlobalSection
EndGlobal
